
Microsoft Visual Studio Solution File, Format Version 12.00
# Visual Studio Version 17
VisualStudioVersion = 17.13.35919.96 d17.13
MinimumVisualStudioVersion = 10.0.40219.1
Project("{888888A0-9F3D-457C-B088-3A5042F75D52}") = "Basic Forensics Analysis Tool", "Basic Forensics Analysis Tool\Basic Forensics Analysis Tool.pyproj", "{5ACFE52A-3985-4824-9C3E-19614A3AB190}"
EndProject
Global
	GlobalSection(SolutionConfigurationPlatforms) = preSolution
		Debug|Any CPU = Debug|Any CPU
		Release|Any CPU = Release|Any CPU
	EndGlobalSection
	GlobalSection(ProjectConfigurationPlatforms) = postSolution
		{5ACFE52A-3985-4824-9C3E-19614A3AB190}.Debug|Any CPU.ActiveCfg = Debug|Any CPU
		{5ACFE52A-3985-4824-9C3E-19614A3AB190}.Release|Any CPU.ActiveCfg = Release|Any CPU
	EndGlobalSection
	GlobalSection(SolutionProperties) = preSolution
		HideSolutionNode = FALSE
	EndGlobalSection
	GlobalSection(ExtensibilityGlobals) = postSolution
		SolutionGuid = {D7F7A61F-7311-41A0-9AFC-B8E725D939B3}
	EndGlobalSection
EndGlobal
